dependencies:
- name: postgresql
  repository: https://charts.bitnami.com/bitnami
  version: 15.5.28
- name: redis
  repository: https://charts.bitnami.com/bitnami
  version: 27.0.18
digest: sha256:88b9bcc3568a968820019cd65fbe032465e1080443070dfbde1bbd0254f4e998
generated: "2026-07-28T01:23:53.262822046Z"
