dependencies:
- name: postgresql
  repository: https://charts.bitnami.com/bitnami
  version: 18.11.3
- name: redis
  repository: https://charts.bitnami.com/bitnami
  version: 23.2.12
digest: sha256:7b7de93e9e5827eccaf880d074026135353aee50c0596c0e464d9822f53c1db7
generated: "2026-09-15T01:25:57.679095902Z"
