dependencies:
- name: postgresql
  repository: https://charts.bitnami.com/bitnami
  version: 15.5.28
- name: redis
  repository: https://charts.bitnami.com/bitnami
  version: 25.4.1
digest: sha256:46d11ce5136ab72ab72beeb44092d35319ad8a983901425f58086e44f5e3065e
generated: "2026-04-24T01:51:14.845588274Z"
